<Project xmlns="http://schemas.microsoft.com/developer/msbuild/2003">
    <PropertyGroup>
        <Base>True</Base>
        <AppType>Application</AppType>
        <Config Condition="'$(Config)'==''">Release</Config>
        <FrameworkType>VCL</FrameworkType>
        <MainSource>GExpertsGrep.dpr</MainSource>
        <Platform Condition="'$(Platform)'==''">Win32</Platform>
        <ProjectGuid>{BE6B28B1-23C4-4BE6-BB62-B3B5A82D877B}</ProjectGuid>
        <ProjectVersion>19.3</ProjectVersion>
        <TargetedPlatforms>1</TargetedPlatforms>
    </PropertyGroup>
    <PropertyGroup Condition="'$(Config)'=='Base' or '$(Base)'!=''">
        <Base>true</Base>
    </PropertyGroup>
    <PropertyGroup Condition="('$(Platform)'=='Win32' and '$(Base)'=='true') or '$(Base_Win32)'!=''">
        <Base_Win32>true</Base_Win32>
        <CfgParent>Base</CfgParent>
        <Base>true</Base>
    </PropertyGroup>
    <PropertyGroup Condition="'$(Config)'=='Debug' or '$(Cfg_1)'!=''">
        <Cfg_1>true</Cfg_1>
        <CfgParent>Base</CfgParent>
        <Base>true</Base>
    </PropertyGroup>
    <PropertyGroup Condition="('$(Platform)'=='Win32' and '$(Cfg_1)'=='true') or '$(Cfg_1_Win32)'!=''">
        <Cfg_1_Win32>true</Cfg_1_Win32>
        <CfgParent>Cfg_1</CfgParent>
        <Cfg_1>true</Cfg_1>
        <Base>true</Base>
    </PropertyGroup>
    <PropertyGroup Condition="'$(Config)'=='Release' or '$(Cfg_2)'!=''">
        <Cfg_2>true</Cfg_2>
        <CfgParent>Base</CfgParent>
        <Base>true</Base>
    </PropertyGroup>
    <PropertyGroup Condition="('$(Platform)'=='Win32' and '$(Cfg_2)'=='true') or '$(Cfg_2_Win32)'!=''">
        <Cfg_2_Win32>true</Cfg_2_Win32>
        <CfgParent>Cfg_2</CfgParent>
        <Cfg_2>true</Cfg_2>
        <Base>true</Base>
    </PropertyGroup>
    <PropertyGroup Condition="'$(Base)'!=''">
        <SanitizedProjectName>GExpertsGrep_11</SanitizedProjectName>
        <DCC_DcuOutput>..\dcu\11.0\$(Config)</DCC_DcuOutput>
        <DCC_Define>NO_TRANSLATION;NO_TRANSLATION_HINT;GX_STANDALONE;$(DCC_Define)</DCC_Define>
        <DCC_ExeOutput>..\..\..\..\binaries</DCC_ExeOutput>
        <DCC_Namespace>System;Xml;Data;Datasnap;Web;Soap;Vcl;Vcl.Imaging;Vcl.Touch;Vcl.Samples;Vcl.Shell;$(DCC_Namespace)</DCC_Namespace>
        <DCC_UnitAlias>GX_IdeDock=GX_IdeDockStandAlone;GX_Experts=GX_ExpertsStandAlone;GX_OtaUtils=GX_OtaUtilsStandAlone;GX_GExperts=GX_GExpertsStandAlone;GX_IdeUtils=GX_IdeUtilsStandAlone;ToolsAPI=ToolsAPIStandAlone;GX_EditorEnhancements=GX_EditorEnhancementsStandAlone;GX_ActionBroker=GX_ActionBrokerStandAlone;GX_GrepMenuEntry=GX_GrepMenuEntryStandAlone;GX_LibrarySource=GX_LibrarySourceStandAlone;$(DCC_UnitAlias)</DCC_UnitAlias>
        <DCC_UnitSearchPath>..\..\..\..\Source\Include;..\..\..\..\ExternalSource\UniSynEdit;..\..\..\..\ExternalSource\dzlib;$(DCC_UnitSearchPath)</DCC_UnitSearchPath>
        <Icon_MainIcon>$(BDS)\bin\delphi_PROJECTICON.ico</Icon_MainIcon>
        <VerInfo_Keys>CompanyName=;FileDescription=$(MSBuildProjectName);FileVersion=1.0.0.0;InternalName=;LegalCopyright=;LegalTrademarks=;OriginalFilename=;ProgramID=com.embarcadero.$(MSBuildProjectName);ProductName=$(MSBuildProjectName);ProductVersion=1.0.0.0;Comments=</VerInfo_Keys>
        <VerInfo_Locale>2057</VerInfo_Locale>
    </PropertyGroup>
    <PropertyGroup Condition="'$(Base_Win32)'!=''">
        <BT_BuildType>Debug</BT_BuildType>
        <DCC_Namespace>Winapi;System.Win;Data.Win;Datasnap.Win;Web.Win;Soap.Win;Xml.Win;Bde;$(DCC_Namespace)</DCC_Namespace>
        <DCC_UsePackage>DBXSqliteDriver;IndyIPCommon;RESTComponents;bindcompdbx;DBXInterBaseDriver;vcl;IndyIPServer;vclactnband;vclFireDAC;IndySystem;bindcompvclsmp;tethering;svnui;dsnapcon;FireDACADSDriver;FireDACMSAccDriver;fmxFireDAC;vclimg;FireDAC;vcltouch;vcldb;bindcompfmx;svn;FireDACSqliteDriver;FireDACPgDriver;inetdb;soaprtl;DbxCommonDriver;fmx;FireDACIBDriver;fmxdae;xmlrtl;soapmidas;vcledge;fmxobj;vclwinx;rtl;DbxClientDriver;CustomIPTransport;vcldsnap;dbexpress;IndyCore;vclx;bindcomp;appanalytics;dsnap;FireDACCommon;IndyIPClient;bindcompvcl;RESTBackendComponents;VCLRESTComponents;soapserver;dbxcds;VclSmp;adortl;vclie;bindengine;DBXMySQLDriver;CloudService;dsnapxml;FireDACMySQLDriver;dbrtl;IndyProtocols;inetdbxpress;FireDACCommonODBC;FireDACCommonDriver;inet;fmxase;$(DCC_UsePackage)</DCC_UsePackage>
        <Manifest_File>$(BDS)\bin\default_app.manifest</Manifest_File>
        <VerInfo_Locale>1033</VerInfo_Locale>
    </PropertyGroup>
    <PropertyGroup Condition="'$(Cfg_1)'!=''">
        <DCC_DebugDCUs>true</DCC_DebugDCUs>
        <DCC_DebugInfoInExe>true</DCC_DebugInfoInExe>
        <DCC_Define>DEBUG;$(DCC_Define)</DCC_Define>
        <DCC_GenerateStackFrames>true</DCC_GenerateStackFrames>
        <DCC_Inlining>off</DCC_Inlining>
        <DCC_IntegerOverflowCheck>true</DCC_IntegerOverflowCheck>
        <DCC_Optimize>false</DCC_Optimize>
        <DCC_RangeChecking>true</DCC_RangeChecking>
        <DCC_RemoteDebug>true</DCC_RemoteDebug>
    </PropertyGroup>
    <PropertyGroup Condition="'$(Cfg_1_Win32)'!=''">
        <AppDPIAwarenessMode>PerMonitorV2</AppDPIAwarenessMode>
        <DCC_RemoteDebug>false</DCC_RemoteDebug>
    </PropertyGroup>
    <PropertyGroup Condition="'$(Cfg_2)'!=''">
        <DCC_DebugInformation>0</DCC_DebugInformation>
        <DCC_Define>RELEASE;$(DCC_Define)</DCC_Define>
        <DCC_LocalDebugSymbols>false</DCC_LocalDebugSymbols>
        <DCC_SymbolReferenceInfo>0</DCC_SymbolReferenceInfo>
    </PropertyGroup>
    <PropertyGroup Condition="'$(Cfg_2_Win32)'!=''">
        <AppDPIAwarenessMode>PerMonitorV2</AppDPIAwarenessMode>
    </PropertyGroup>
    <ItemGroup>
        <DelphiCompile Include="$(MainSource)">
            <MainSource>MainSource</MainSource>
        </DelphiCompile>
        <DCCReference Include="..\..\..\..\ExternalSource\DropSource.pas"/>
        <DCCReference Include="GrepMain.pas"/>
        <DCCReference Include="..\..\..\..\Source\Framework\GX_About.pas">
            <Form>fmAbout</Form>
        </DCCReference>
        <DCCReference Include="..\..\..\..\Source\Formatter\GX_AboutExperimental.pas">
            <Form>fmAboutExperimental</Form>
        </DCCReference>
        <DCCReference Include="GX_ActionBrokerStandAlone.pas"/>
        <DCCReference Include="..\..\..\..\Source\Framework\GX_BaseForm.pas">
            <Form>fmBaseForm</Form>
        </DCCReference>
        <DCCReference Include="..\..\..\..\Source\Formatter\Engine\GX_CodeFormatterUnicode.pas"/>
        <DCCReference Include="..\..\..\..\Source\Framework\GX_ConfigurationInfo.pas"/>
        <DCCReference Include="..\..\..\..\Source\Utils\GX_DbugIntf.pas"/>
        <DCCReference Include="GX_EditorEnhancementsStandAlone.pas"/>
        <DCCReference Include="GX_ExpertsStandAlone.pas"/>
        <DCCReference Include="..\..\..\..\Source\Framework\GX_FeedbackWizard.pas">
            <Form>fmFeedbackWizard</Form>
        </DCCReference>
        <DCCReference Include="..\..\..\..\Source\Utils\GX_GenericClasses.pas"/>
        <DCCReference Include="..\..\..\..\Source\Utils\GX_GenericUtils.pas"/>
        <DCCReference Include="..\..\..\..\Source\Framework\GX_GetIdeVersion.pas"/>
        <DCCReference Include="GX_GExpertsStandAlone.pas"/>
        <DCCReference Include="..\..\..\..\Source\Grep\GX_GrepBackend.pas"/>
        <DCCReference Include="..\..\..\..\Source\Grep\GX_GrepExpert.pas"/>
        <DCCReference Include="GX_GrepMenuEntryStandAlone.pas"/>
        <DCCReference Include="..\..\..\..\Source\Grep\GX_GrepOptions.pas">
            <Form>fmGrepOptions</Form>
        </DCCReference>
        <DCCReference Include="..\..\..\..\Source\Grep\GX_GrepPrinting.pas"/>
        <DCCReference Include="..\..\..\..\Source\Grep\GX_GrepProgress.pas">
            <Form>fmGrepProgress</Form>
        </DCCReference>
        <DCCReference Include="..\..\..\..\Source\Grep\GX_GrepRegExSearch.pas"/>
        <DCCReference Include="..\..\..\..\Source\Grep\GX_GrepReplace.pas">
            <Form>fmGrepReplace</Form>
        </DCCReference>
        <DCCReference Include="..\..\..\..\Source\Grep\GX_GrepResults.pas">
            <Form>fmGrepResults</Form>
        </DCCReference>
        <DCCReference Include="..\..\..\..\Source\Grep\GX_GrepResultsOptions.pas">
            <Form>fmGrepResultsOptions</Form>
        </DCCReference>
        <DCCReference Include="..\..\..\..\Source\Grep\GX_GrepSearch.pas">
            <Form>fmGrepSearch</Form>
        </DCCReference>
        <DCCReference Include="..\..\..\..\Source\Grep\GX_GrepSearchExpert.pas"/>
        <DCCReference Include="..\..\..\..\Source\Grep\GX_GrepSelect.pas">
            <Form>fmGrepSelect</Form>
        </DCCReference>
        <DCCReference Include="..\..\..\..\Source\Utils\GX_GxUtils.pas"/>
        <DCCReference Include="GX_IdeDockStandAlone.pas">
            <Form>fmIdeDockForm</Form>
        </DCCReference>
        <DCCReference Include="GX_IdeUtilsStandAlone.pas"/>
        <DCCReference Include="GX_LibrarySourceStandAlone.pas"/>
        <DCCReference Include="..\..\..\..\Source\Utils\GX_MemoEscFix.pas"/>
        <DCCReference Include="..\..\..\..\Source\Framework\GX_MessageBox.pas">
            <Form>fmGxMessageBox</Form>
        </DCCReference>
        <DCCReference Include="GX_OtaUtilsStandAlone.pas"/>
        <DCCReference Include="..\..\..\..\Source\Grep\GX_Replace.pas"/>
        <DCCReference Include="..\..\..\..\Source\Framework\GX_SharedImages.pas">
            <Form>dmSharedImages</Form>
            <DesignClass>TDataModule</DesignClass>
        </DCCReference>
        <DCCReference Include="..\..\..\..\Source\Utils\GX_StringList.pas"/>
        <DCCReference Include="..\..\..\..\Source\Grep\GX_TestRegEx.pas">
            <Form>fmTestRegEx</Form>
        </DCCReference>
        <DCCReference Include="..\..\..\..\Source\Framework\GX_VerDepConst.pas"/>
        <DCCReference Include="ToolsAPIStandAlone.pas"/>
        <BuildConfiguration Include="Base">
            <Key>Base</Key>
        </BuildConfiguration>
        <BuildConfiguration Include="Debug">
            <Key>Cfg_1</Key>
            <CfgParent>Base</CfgParent>
        </BuildConfiguration>
        <BuildConfiguration Include="Release">
            <Key>Cfg_2</Key>
            <CfgParent>Base</CfgParent>
        </BuildConfiguration>
    </ItemGroup>
    <ProjectExtensions>
        <Borland.Personality>Delphi.Personality.12</Borland.Personality>
        <Borland.ProjectType>Application</Borland.ProjectType>
        <BorlandProject>
            <Delphi.Personality>
                <Source>
                    <Source Name="MainSource">GExpertsGrep.dpr</Source>
                </Source>
                <Excluded_Packages/>
            </Delphi.Personality>
            <Platforms>
                <Platform value="Win32">True</Platform>
                <Platform value="Win64">False</Platform>
            </Platforms>
        </BorlandProject>
        <ProjectFileVersion>12</ProjectFileVersion>
    </ProjectExtensions>
    <Import Project="$(BDS)\Bin\CodeGear.Delphi.Targets" Condition="Exists('$(BDS)\Bin\CodeGear.Delphi.Targets')"/>
    <Import Project="$(APPDATA)\Embarcadero\$(BDSAPPDATABASEDIR)\$(PRODUCTVERSION)\UserTools.proj" Condition="Exists('$(APPDATA)\Embarcadero\$(BDSAPPDATABASEDIR)\$(PRODUCTVERSION)\UserTools.proj')"/>
    <Import Project="$(MSBuildProjectName).deployproj" Condition="Exists('$(MSBuildProjectName).deployproj')"/>
</Project>
