<Project xmlns="http://schemas.microsoft.com/developer/msbuild/2003">
  <PropertyGroup>
    <ProjectGuid>{221c0e2b-812d-40ff-bd19-62dbf70bc3a3}</ProjectGuid>
    <MainSource>GExpertsDelphi2007_Formatter_EditorExpert.dpr</MainSource>
    <Configuration Condition=" '$(Configuration)' == '' ">Debug</Configuration>
    <Platform Condition=" '$(Platform)' == '' ">AnyCPU</Platform>
    <DCC_EnabledPackages>true</DCC_EnabledPackages>
    <DCC_UsePackage>vcl;rtl;vclx;designide</DCC_UsePackage>
    <DCC_DCCCompiler>DCC32</DCC_DCCCompiler>
    <DCC_DependencyCheckOutputName>GExpertsDelphi2007_Formatter_EditorExpert.dll</DCC_DependencyCheckOutputName>
  </PropertyGroup>
  <PropertyGroup Condition=" '$(Configuration)|$(Platform)' == 'Release|AnyCPU' ">
    <Version>7.0</Version>
    <DCC_DebugInformation>False</DCC_DebugInformation>
    <DCC_LocalDebugSymbols>False</DCC_LocalDebugSymbols>
    <DCC_SymbolReferenceInfo>0</DCC_SymbolReferenceInfo>
    <DCC_UnitSearchPath>Src;Comps;Comps\Abbrevia</DCC_UnitSearchPath>
    <DCC_ResourcePath>Src;Comps;Comps\Abbrevia</DCC_ResourcePath>
    <DCC_ObjPath>Src;Comps;Comps\Abbrevia</DCC_ObjPath>
    <DCC_IncludePath>Src;Comps;Comps\Abbrevia</DCC_IncludePath>
    <DCC_Define>GX_FORMATTER_IS_EDITOR_EXPERT;RELEASE</DCC_Define>
  </PropertyGroup>
  <PropertyGroup Condition=" '$(Configuration)|$(Platform)' == 'Debug|AnyCPU' ">
    <Version>7.0</Version>
    <DCC_DebugInformation>False</DCC_DebugInformation>
    <DCC_LocalDebugSymbols>False</DCC_LocalDebugSymbols>
    <DCC_SymbolReferenceInfo>0</DCC_SymbolReferenceInfo>
    <DCC_UnitSearchPath>Src;Comps;Comps\Abbrevia</DCC_UnitSearchPath>
    <DCC_ResourcePath>Src;Comps;Comps\Abbrevia</DCC_ResourcePath>
    <DCC_ObjPath>Src;Comps;Comps\Abbrevia</DCC_ObjPath>
    <DCC_IncludePath>Src;Comps;Comps\Abbrevia</DCC_IncludePath>
    <DCC_Define>GX_FORMATTER_IS_EDITOR_EXPERT;DEBUG</DCC_Define>
  </PropertyGroup>
  <ProjectExtensions>
    <Borland.Personality>Delphi.Personality</Borland.Personality>
    <Borland.ProjectType />
    <BorlandProject>
<BorlandProject xmlns=""> <Delphi.Personality>   <Parameters>
      <Parameters Name="RunParams">-pDelphi -np</Parameters>
      <Parameters Name="HostApplication">C:\Program Files\Borland\BDS\4.0\Bin\bds.exe</Parameters>
      <Parameters Name="UseLauncher">False</Parameters>
      <Parameters Name="LoadAllSymbols">True</Parameters>
      <Parameters Name="LoadUnspecifiedSymbols">False</Parameters>
    </Parameters>
    <VersionInfo>
      <VersionInfo Name="IncludeVerInfo">True</VersionInfo>
      <VersionInfo Name="AutoIncBuild">False</VersionInfo>
      <VersionInfo Name="MajorVer">1</VersionInfo>
      <VersionInfo Name="MinorVer">3</VersionInfo>
      <VersionInfo Name="Release">0</VersionInfo>
      <VersionInfo Name="Build">0</VersionInfo>
      <VersionInfo Name="Debug">False</VersionInfo>
      <VersionInfo Name="PreRelease">False</VersionInfo>
      <VersionInfo Name="Special">False</VersionInfo>
      <VersionInfo Name="Private">False</VersionInfo>
      <VersionInfo Name="DLL">True</VersionInfo>
      <VersionInfo Name="Locale">1033</VersionInfo>
      <VersionInfo Name="CodePage">1252</VersionInfo>
    </VersionInfo>
    <VersionInfoKeys>
      <VersionInfoKeys Name="FileVersion">1.3.0.0</VersionInfoKeys>
      <VersionInfoKeys Name="CompanyName">GExperts, Inc. and Erik Berry</VersionInfoKeys>
      <VersionInfoKeys Name="FileDescription">GExperts for BDS 2006</VersionInfoKeys>
      <VersionInfoKeys Name="InternalName">GExperts for BDS 2006</VersionInfoKeys>
      <VersionInfoKeys Name="LegalCopyright"></VersionInfoKeys>
      <VersionInfoKeys Name="LegalTrademarks"></VersionInfoKeys>
      <VersionInfoKeys Name="OriginalFilename">GExpertsBDS2006.dll</VersionInfoKeys>
      <VersionInfoKeys Name="ProductName">GExperts for BDS 2006</VersionInfoKeys>
      <VersionInfoKeys Name="ProductVersion">1.3.0.0 experimental</VersionInfoKeys>
      <VersionInfoKeys Name="Comments">Open Source</VersionInfoKeys>
      <VersionInfoKeys Name="Compile Date">Thursday, November 10, 2005 8:29 PM</VersionInfoKeys>
    </VersionInfoKeys>
    <Excluded_Packages>
      
      
      
      
      
      
      
      
      
      
      
      
      
      
      
      
      
      
      
      
      
      
      
      
      <Excluded_Packages Name="c:\program files\borland\bds\4.0\bin\dclado100.bpl">Borland ADO DB Components</Excluded_Packages>
      <Excluded_Packages Name="c:\program files\borland\bds\4.0\Bin\dclib100.bpl">Borland InterBase Express Components</Excluded_Packages>
      <Excluded_Packages Name="c:\program files\borland\bds\4.0\Bin\dclsoap100.bpl">Borland SOAP Components</Excluded_Packages>
      <Excluded_Packages Name="c:\program files\borland\bds\4.0\Bin\dclie100.bpl">Internet Explorer Components</Excluded_Packages>
      <Excluded_Packages Name="c:\program files\borland\bds\4.0\Bin\applet100.bpl">Borland Control Panel Applet Package</Excluded_Packages>
      <Excluded_Packages Name="c:\program files\borland\bds\4.0\Bin\dcltee100.bpl">TeeChart Components</Excluded_Packages>
      <Excluded_Packages Name="c:\program files\borland\bds\4.0\Bin\dclIndyProtocols100.bpl">Indy 10 Protocols Design Time</Excluded_Packages>
      <Excluded_Packages Name="c:\program files\borland\bds\4.0\Bin\dclIntraweb_80_100.bpl">Intraweb 8.0 Design Package for Borland Development Studio 2006</Excluded_Packages>
    </Excluded_Packages>
    <Source>
      <Source Name="MainSource">GExpertsDelphi2007_Formatter_EditorExpert.dpr</Source>
    </Source>
  </Delphi.Personality> </BorlandProject></BorlandProject>
  </ProjectExtensions>
  <ItemGroup />
  <ItemGroup>
    <DelphiCompile Include="GExpertsDelphi2007_Formatter_EditorExpert.dpr">
      <MainSource>MainSource</MainSource>
    </DelphiCompile>
    <RcCompile Include="Icons\GXIcons.rc">
      <Form>Icons\GXIcons.res</Form>
    </RcCompile>
    <DCCReference Include="Src\ClassBrowser\GX_ClassBrowser.pas">
      <Form>fmClassBrowser</Form>
    </DCCReference>
    <DCCReference Include="Src\ClassBrowser\GX_ClassIdentify.pas">
      <Form>fmClassIdentify</Form>
    </DCCReference>
    <DCCReference Include="Src\ClassBrowser\GX_ClassOptions.pas">
      <Form>fmClassOptions</Form>
    </DCCReference>
    <DCCReference Include="Src\ClassBrowser\GX_ClassParsing.pas">
      <Form>fmClassParsing</Form>
    </DCCReference>
    <DCCReference Include="Src\ClassBrowser\GX_ClassProp.pas">
      <Form>fmClassProp</Form>
    </DCCReference>
    <DCCReference Include="Src\ClassBrowser\GX_ClassReport.pas">
      <Form>fmClassReport</Form>
    </DCCReference>
    <DCCReference Include="Src\CodeLib\GX_CodeLib.pas">
      <Form>fmCodeLib</Form>
    </DCCReference>
    <DCCReference Include="Src\CodeLib\GX_CodeOpt.pas">
      <Form>fmCodeOptions</Form>
    </DCCReference>
    <DCCReference Include="Src\CodeLib\GX_CodeSrch.pas">
      <Form>fmCodeSearch</Form>
    </DCCReference>
    <DCCReference Include="Src\EditorExperts\GX_eAlign.pas">
      <Form>fmAlign</Form>
    </DCCReference>
    <DCCReference Include="Src\EditorExperts\GX_eAlignOptions.pas">
      <Form>fmAlignOptions</Form>
    </DCCReference>
    <DCCReference Include="Src\EditorExperts\GX_eChangeCase.pas">
      <Form>fmChangeCase</Form>
    </DCCReference>
    <DCCReference Include="Src\EditorExperts\GX_eComment.pas">
      <Form>fmCommentConfig</Form>
    </DCCReference>
    <DCCReference Include="Src\EditorExperts\GX_eDate.pas">
      <Form>fmDateFormat</Form>
    </DCCReference>
    <DCCReference Include="Src\EditorExperts\GX_EditorExpert.pas" />
    <DCCReference Include="Src\EditorExperts\GX_EditorExpertManager.pas" />
    <DCCReference Include="Src\EditorExperts\GX_eFindDelimiter.pas" />
    <DCCReference Include="Src\EditorExperts\GX_ePrevNextIdentifier.pas" />
    <DCCReference Include="Src\EditorExperts\GX_eReverseStatement.pas" />
    <DCCReference Include="Src\EditorExperts\GX_eSelectIdentifier.pas" />
    <DCCReference Include="Src\EditorExperts\GX_eSelectionEditorExpert.pas" />
    <DCCReference Include="Src\EditorExperts\GX_eUsesManager.pas">
      <Form>fmUsesManager</Form>
    </DCCReference>
    <DCCReference Include="Src\EditorExperts\GX_MenusForEditorExpert.pas" />
    <DCCReference Include="Src\EditorToolbar\GX_Toolbar.pas" />
    <DCCReference Include="Src\EditorToolbar\GX_ToolbarConfig.pas">
      <Form>fmToolbarConfig</Form>
    </DCCReference>
    <DCCReference Include="Src\EditorToolbar\GX_ToolBarDropDown.pas" />
    <DCCReference Include="Src\FavFiles\GX_FavFileProp.pas">
      <Form>fmFavFileProp</Form>
    </DCCReference>
    <DCCReference Include="Src\FavFiles\GX_FavFiles.pas">
      <Form>fmFavFiles</Form>
    </DCCReference>
    <DCCReference Include="Src\FavFiles\GX_FavFolderProp.pas">
      <Form>fmFavFolderProperties</Form>
    </DCCReference>
    <DCCReference Include="Src\FavFiles\GX_FavNewFolder.pas">
      <Form>fmFavNewFolder</Form>
    </DCCReference>
    <DCCReference Include="Src\FavFiles\GX_FavOptions.pas">
      <Form>fmFavOptions</Form>
    </DCCReference>
    <DCCReference Include="Src\FavFiles\GX_FavUtil.pas" />
    <DCCReference Include="Src\Formatter\common\GX_CodeFormatterTypes.pas" />
    <DCCReference Include="Src\Formatter\common\GX_CollectionLikeLists.pas" />
    <DCCReference Include="Src\Formatter\engine\GX_CodeFormatterEngine.pas" />
    <DCCReference Include="Src\Formatter\engine\GX_CodeFormatterFormatter.pas" />
    <DCCReference Include="Src\Formatter\engine\GX_CodeFormatterParser.pas" />
    <DCCReference Include="Src\Formatter\engine\GX_CodeFormatterSettings.pas" />
    <DCCReference Include="Src\Formatter\engine\GX_CodeFormatterStack.pas" />
    <DCCReference Include="Src\Formatter\engine\GX_CodeFormatterTokens.pas" />
    <DCCReference Include="Src\Formatter\GX_CodeFormatterBookmarks.pas" />
    <DCCReference Include="Src\Formatter\GX_CodeFormatterBreakpoints.pas" />
    <DCCReference Include="Src\Formatter\GX_CodeFormatterConfig.pas">
      <Form>fmCodeFormatterConfig</Form>
    </DCCReference>
    <DCCReference Include="Src\Formatter\GX_CodeFormatterConfigHandler.pas" />
    <DCCReference Include="Src\Formatter\GX_CodeFormatterDefaultSettings.pas" />
    <DCCReference Include="Src\Formatter\GX_CodeFormatterDone.pas">
      <Form>fmCodeFormatterDone</Form>
    </DCCReference>
    <DCCReference Include="Src\Formatter\GX_CodeFormatterEditCapitalization.pas">
      <Form>fmCodeFormatterEditCapitalization</Form>
    </DCCReference>
    <DCCReference Include="Src\Formatter\GX_CodeFormatterExpert.pas" />
    <DCCReference Include="Src\Formatter\GX_CodeFormatterGXConfigWrapper.pas" />
    <DCCReference Include="Src\Formatter\GX_eCodeFormatter.pas" />
    <DCCReference Include="Src\Formatter\GX_Formatter.pas" />
    <DCCReference Include="Src\Grep\GX_GrepBackend.pas" />
    <DCCReference Include="Src\Grep\GX_GrepExpert.pas" />
    <DCCReference Include="Src\Grep\GX_GrepOptions.pas">
      <Form>fmGrepOptions</Form>
    </DCCReference>
    <DCCReference Include="Src\Grep\GX_GrepPrinting.pas" />
    <DCCReference Include="Src\Grep\GX_GrepReplace.pas">
      <Form>fmGrepReplace</Form>
    </DCCReference>
    <DCCReference Include="Src\Grep\GX_GrepResults.pas">
      <Form>fmGrepResults</Form>
    </DCCReference>
    <DCCReference Include="Src\Grep\GX_GrepResultsOptions.pas">
      <Form>fmGrepResultsOptions</Form>
    </DCCReference>
    <DCCReference Include="Src\Grep\GX_GrepSearch.pas">
      <Form>fmGrepSearch</Form>
    </DCCReference>
    <DCCReference Include="Src\Grep\GX_Replace.pas" />
    <DCCReference Include="Src\Grep\GX_Search.pas" />
    <DCCReference Include="Src\GX_About.pas">
      <Form>fmAbout</Form>
    </DCCReference>
    <DCCReference Include="Src\GX_ActionBroker.pas" />
    <DCCReference Include="Src\GX_Actions.pas" />
    <DCCReference Include="Src\GX_AsciiChart.pas">
      <Form>fmAsciiChart</Form>
    </DCCReference>
    <DCCReference Include="Src\GX_Backup.pas">
      <Form>fmBackup</Form>
    </DCCReference>
    <DCCReference Include="Src\GX_BackupConfig.pas">
      <Form>fmBackupConfig</Form>
    </DCCReference>
    <DCCReference Include="Src\GX_BackupOptions.pas">
      <Form>fmBackupOptions</Form>
    </DCCReference>
    <DCCReference Include="Src\GX_ClassHacks.pas" />
    <DCCReference Include="Src\GX_ClassMgr.pas" />
    <DCCReference Include="Src\GX_CleanDirectories.pas">
      <Form>fmCleanDirectories</Form>
    </DCCReference>
    <DCCReference Include="Src\GX_ClipboardHistory.pas">
      <Form>fmClipboardHistory</Form>
    </DCCReference>
    <DCCReference Include="Src\GX_ClipboardOptions.pas">
      <Form>fmClipboardOptions</Form>
    </DCCReference>
    <DCCReference Include="Src\GX_ComponentGrid.pas">
      <Form>fmComponentGrid</Form>
    </DCCReference>
    <DCCReference Include="Src\GX_CompRename.pas">
      <Form>fmCompRename</Form>
    </DCCReference>
    <DCCReference Include="Src\GX_CompRenameAdvanced.pas">
      <Form>fmCompRenameAdvanced</Form>
    </DCCReference>
    <DCCReference Include="Src\GX_CompRenameConfig.pas">
      <Form>fmCompRenameConfig</Form>
    </DCCReference>
    <DCCReference Include="Src\GX_CompsToCode.pas">
      <Form>fmCompsToCode</Form>
    </DCCReference>
    <DCCReference Include="Src\GX_ConfigurationInfo.pas" />
    <DCCReference Include="Src\GX_Configure.pas">
      <Form>fmConfiguration</Form>
    </DCCReference>
    <DCCReference Include="Src\GX_Consts.pas" />
    <DCCReference Include="Src\GX_CopyComponentNames.pas" />
    <DCCReference Include="Src\GX_DbugIntf.pas" />
    <DCCReference Include="Src\GX_DesignerMenu.pas" />
    <DCCReference Include="Src\GX_EditorChangeServices.pas" />
    <DCCReference Include="Src\GX_EditorEnhancements.pas" />
    <DCCReference Include="Src\GX_EditorFormServices.pas" />
    <DCCReference Include="Src\GX_EditorShortcut.pas">
      <Form>fmEditorShortcut</Form>
    </DCCReference>
    <DCCReference Include="Src\GX_EditReader.pas" />
    <DCCReference Include="Src\GX_ExpertManager.pas">
      <Form>fmExpertManager</Form>
    </DCCReference>
    <DCCReference Include="Src\GX_Experts.pas" />
    <DCCReference Include="Src\GX_FeedbackWizard.pas">
      <Form>fmFeedbackWizard</Form>
    </DCCReference>
    <DCCReference Include="Src\GX_FileScanner.pas" />
    <DCCReference Include="Src\GX_FindComponentRef.pas" />
    <DCCReference Include="Src\GX_GetIdeVersion.pas" />
    <DCCReference Include="Src\GX_GExperts.pas" />
    <DCCReference Include="Src\GX_IconMessageBox.pas" />
    <DCCReference Include="Src\GX_IdeEnhance.pas" />
    <DCCReference Include="Src\GX_IdeShortCuts.pas">
      <Form>fmIdeShortCuts</Form>
    </DCCReference>
    <DCCReference Include="Src\GX_KbdShortCutBroker.pas" />
    <DCCReference Include="Src\GX_KibitzComp.pas" />
    <DCCReference Include="Src\GX_LibrarySource.pas" />
    <DCCReference Include="Src\GX_MacroLibrary.pas">
      <Form>fmMacroLibrary</Form>
    </DCCReference>
    <DCCReference Include="Src\GX_MacroParser.pas" />
    <DCCReference Include="Src\GX_MenuActions.pas" />
    <DCCReference Include="Src\GX_MessageBox.pas">
      <Form>fmGxMessageBox</Form>
    </DCCReference>
    <DCCReference Include="Src\GX_MessageDialog.pas">
      <Form>fmMessageDialog</Form>
    </DCCReference>
    <DCCReference Include="Src\GX_MessageOptions.pas">
      <Form>fmMessageOptions</Form>
    </DCCReference>
    <DCCReference Include="Src\GX_MultilineHost.pas" />
    <DCCReference Include="Src\GX_MultiLinePalette.pas" />
    <DCCReference Include="Src\GX_PeInfo.pas" />
    <DCCReference Include="Src\GX_PeInformation.pas">
      <Form>fmPeInformation</Form>
    </DCCReference>
    <DCCReference Include="Src\GX_PerfectLayout.pas">
      <Form>fmPerfectLayout</Form>
    </DCCReference>
    <DCCReference Include="Src\GX_ProcedureList.pas">
      <Form>fmProcedureList</Form>
    </DCCReference>
    <DCCReference Include="Src\GX_ProcedureListOptions.pas">
      <Form>fmProcedureListOptions</Form>
    </DCCReference>
    <DCCReference Include="Src\GX_Progress.pas">
      <Form>fmProgress</Form>
    </DCCReference>
    <DCCReference Include="Src\GX_ProjDepend.pas">
      <Form>fmProjDepend</Form>
    </DCCReference>
    <DCCReference Include="Src\GX_ProjDependFilter.pas">
      <Form>fmProjDependFilter</Form>
    </DCCReference>
    <DCCReference Include="Src\GX_ProjDependProp.pas">
      <Form>fmProjDependProp</Form>
    </DCCReference>
    <DCCReference Include="Src\GX_SharedImages.pas">
      <Form>dmSharedImages</Form>
    </DCCReference>
    <DCCReference Include="Src\GX_SourceExport.pas">
      <Form>fmSourceExport</Form>
    </DCCReference>
    <DCCReference Include="Src\GX_SourceExportOptions.pas">
      <Form>fmSourceExportOptions</Form>
    </DCCReference>
    <DCCReference Include="Src\GX_SynMemoUtils.pas" />
    <DCCReference Include="Src\GX_TabOrder.pas">
      <Form>fmTabOrder</Form>
    </DCCReference>
    <DCCReference Include="Src\GX_UnitPositions.pas" />
    <DCCReference Include="Src\GX_UsesManager.pas" />
    <DCCReference Include="Src\GX_VerDepConst.pas" />
    <DCCReference Include="Src\GX_Zipper.pas" />
    <DCCReference Include="Src\IdeIntegration\Native\GX_IdeDock.pas">
      <Form>fmIdeDockForm</Form>
    </DCCReference>
    <DCCReference Include="Src\MacroTemplates\GX_MacroExpandNotifier.pas" />
    <DCCReference Include="Src\MacroTemplates\GX_MacroFile.pas" />
    <DCCReference Include="Src\MacroTemplates\GX_MacroSelect.pas">
      <Form>fmMacroSelect</Form>
    </DCCReference>
    <DCCReference Include="Src\MacroTemplates\GX_MacroTemplateEdit.pas">
      <Form>fmMacroTemplateEdit</Form>
    </DCCReference>
    <DCCReference Include="Src\MacroTemplates\GX_MacroTemplates.pas">
      <Form>fmMacroTemplates</Form>
    </DCCReference>
    <DCCReference Include="Src\MacroTemplates\GX_MacroTemplatesExpert.pas" />
    <DCCReference Include="Src\OpenFile\GX_OpenFile.pas">
      <Form>fmOpenFile</Form>
    </DCCReference>
    <DCCReference Include="Src\OpenFile\GX_OpenFileConfig.pas">
      <Form>fmOpenFileConfig</Form>
    </DCCReference>
    <DCCReference Include="Src\ProjOptionSets\GX_ProjOptionSets.pas">
      <Form>fmProjOptionSets</Form>
    </DCCReference>
    <DCCReference Include="Src\ProjOptionSets\GX_ProjOptMap.pas" />
    <DCCReference Include="Src\Proofreader\GX_ProofreaderAutoCorrectEntry.pas">
      <Form>fmProofreaderAutoCorrectEntry</Form>
    </DCCReference>
    <DCCReference Include="Src\Proofreader\GX_ProofreaderConfig.pas">
      <Form>fmProofreaderConfig</Form>
    </DCCReference>
    <DCCReference Include="Src\Proofreader\GX_ProofreaderCorrection.pas" />
    <DCCReference Include="Src\Proofreader\GX_ProofreaderData.pas" />
    <DCCReference Include="Src\Proofreader\GX_ProofreaderDefaults.pas" />
    <DCCReference Include="Src\Proofreader\GX_ProofreaderExpert.pas" />
    <DCCReference Include="Src\Proofreader\GX_ProofreaderKeyboard.pas" />
    <DCCReference Include="Src\Proofreader\GX_ProofreaderUtils.pas" />
    <DCCReference Include="Src\ReplaceComponents\GX_ReplaceComp.pas">
      <Form>fmReplaceComp</Form>
    </DCCReference>
    <DCCReference Include="Src\ReplaceComponents\GX_ReplaceCompData.pas" />
    <DCCReference Include="Src\ReplaceComponents\GX_ReplaceCompLog.pas">
      <Form>fmReplaceCompLog</Form>
    </DCCReference>
    <DCCReference Include="Src\ReplaceComponents\GX_ReplaceCompMapDets.pas">
      <Form>fmReplaceCompMapDets</Form>
    </DCCReference>
    <DCCReference Include="Src\ReplaceComponents\GX_ReplaceCompMapGrpList.pas">
      <Form>fmReplaceCompMapGrpList</Form>
    </DCCReference>
    <DCCReference Include="Src\ReplaceComponents\GX_ReplaceCompMapList.pas">
      <Form>fmReplaceCompMapList</Form>
    </DCCReference>
    <DCCReference Include="Src\ReplaceComponents\GX_ReplaceCompUtils.pas" />
    <DCCReference Include="Src\SetComponentProps\GX_SetComponentProps.pas" />
    <DCCReference Include="Src\SetComponentProps\GX_SetComponentPropsConfig.pas">
      <Form>fmSetComponentPropsConfig</Form>
    </DCCReference>
    <DCCReference Include="Src\SetComponentProps\GX_SetComponentPropsStatus.pas">
      <Form>fmSetComponentPropsStatus</Form>
    </DCCReference>
    <DCCReference Include="Src\ToDo\GX_ToDo.pas">
      <Form>fmToDo</Form>
    </DCCReference>
    <DCCReference Include="Src\ToDo\GX_ToDoOptions.pas">
      <Form>fmToDoOptions</Form>
    </DCCReference>
    <DCCReference Include="Src\Utils\GX_DisplayControlTree.pas" />
    <DCCReference Include="Src\Utils\GX_GenericClasses.pas" />
    <DCCReference Include="Src\Utils\GX_GenericUtils.pas" />
    <DCCReference Include="Src\Utils\GX_GxUtils.pas" />
    <DCCReference Include="Src\Utils\GX_IdeUtils.pas" />
    <DCCReference Include="Src\Utils\GX_OtaUtils.pas" />
    <DCCReference Include="Src\Utils\GX_XmlUtils.pas" />
  </ItemGroup>
  <Import Project="$(MSBuildBinPath)\Borland.Delphi.Targets" />
</Project>